
Microsoft Visual Studio Solution File, Format Version 12.00
# Visual Studio Version 16
VisualStudioVersion = 16.0.30711.63
MinimumVisualStudioVersion = 10.0.40219.1
Project("{FAE04EC0-301F-11D3-BF4B-00C04F79EFBC}") = "EjemploAbstractFacotory", "EjemploAbstractFacotory\EjemploAbstractFacotory.csproj", "{4BEA72F6-463E-4500-83BF-229B5E968CAC}"
EndProject
Project("{FAE04EC0-301F-11D3-BF4B-00C04F79EFBC}") = "EjemploAdapter", "EjemploAdapter\EjemploAdapter.csproj", "{1DB3841A-9A9D-4926-9EA6-35C928290B8C}"
EndProject
Global
	GlobalSection(SolutionConfigurationPlatforms) = preSolution
		Debug|Any CPU = Debug|Any CPU
		Release|Any CPU = Release|Any CPU
	EndGlobalSection
	GlobalSection(ProjectConfigurationPlatforms) = postSolution
		{4BEA72F6-463E-4500-83BF-229B5E968CAC}.Debug|Any CPU.ActiveCfg = Debug|Any CPU
		{4BEA72F6-463E-4500-83BF-229B5E968CAC}.Debug|Any CPU.Build.0 = Debug|Any CPU
		{4BEA72F6-463E-4500-83BF-229B5E968CAC}.Release|Any CPU.ActiveCfg = Release|Any CPU
		{4BEA72F6-463E-4500-83BF-229B5E968CAC}.Release|Any CPU.Build.0 = Release|Any CPU
		{1DB3841A-9A9D-4926-9EA6-35C928290B8C}.Debug|Any CPU.ActiveCfg = Debug|Any CPU
		{1DB3841A-9A9D-4926-9EA6-35C928290B8C}.Debug|Any CPU.Build.0 = Debug|Any CPU
		{1DB3841A-9A9D-4926-9EA6-35C928290B8C}.Release|Any CPU.ActiveCfg = Release|Any CPU
		{1DB3841A-9A9D-4926-9EA6-35C928290B8C}.Release|Any CPU.Build.0 = Release|Any CPU
	EndGlobalSection
	GlobalSection(SolutionProperties) = preSolution
		HideSolutionNode = FALSE
	EndGlobalSection
	GlobalSection(ExtensibilityGlobals) = postSolution
		SolutionGuid = {59A12EF6-CBAD-4191-B198-855501EA60A3}
	EndGlobalSection
EndGlobal
